// !$*UTF8*$!
{
	archiveVersion = 1;
	classes = {
	};
	objectVersion = 56;
	objects = {

/* Begin PBXBuildFile section */
		93057FD529E3589900D1FD50 /* LogsListView.swift in Sources */ = {isa = PBXBuildFile; fileRef = 93057FD429E3589900D1FD50 /* LogsListView.swift */; };
		9305AEE129F754250075A312 /* FirebaseAnalytics in Frameworks */ = {isa = PBXBuildFile; productRef = 9305AEE029F754250075A312 /* FirebaseAnalytics */; };
		9305AEE329F754250075A312 /* FirebaseCrashlytics in Frameworks */ = {isa = PBXBuildFile; productRef = 9305AEE229F754250075A312 /* FirebaseCrashlytics */; };
		9305AEE529F754250075A312 /* FirebaseInstallations in Frameworks */ = {isa = PBXBuildFile; productRef = 9305AEE429F754250075A312 /* FirebaseInstallations */; };
		9305AF7D29F756390075A312 /* GoogleService-Info.plist in Resources */ = {isa = PBXBuildFile; fileRef = 9305AF7C29F756390075A312 /* GoogleService-Info.plist */; };
		930D124F29E6746C00456416 /* LegendView.swift in Sources */ = {isa = PBXBuildFile; fileRef = 930D124E29E6746C00456416 /* LegendView.swift */; };
		934DC48B29E636870072A25C /* NavigationAppView.swift in Sources */ = {isa = PBXBuildFile; fileRef = 934DC48A29E636870072A25C /* NavigationAppView.swift */; };
		934DC48D29E638940072A25C /* LogsScreen.swift in Sources */ = {isa = PBXBuildFile; fileRef = 934DC48C29E638940072A25C /* LogsScreen.swift */; };
		934DC48F29E63B640072A25C /* SettingsScreen.swift in Sources */ = {isa = PBXBuildFile; fileRef = 934DC48E29E63B640072A25C /* SettingsScreen.swift */; };
		937ED70E29EBB22200CFBAB4 /* Locales.swift in Sources */ = {isa = PBXBuildFile; fileRef = 937ED70D29EBB22200CFBAB4 /* Locales.swift */; };
		938CD47529F7201600A225A3 /* ThreeCaseState.swift in Sources */ = {isa = PBXBuildFile; fileRef = 938CD47429F7201600A225A3 /* ThreeCaseState.swift */; };
		938F6D6229E3909000DACB7A /* LogsProvider.swift in Sources */ = {isa = PBXBuildFile; fileRef = 938F6D6129E3909000DACB7A /* LogsProvider.swift */; };
		938F6D6629E3B02E00DACB7A /* LogItemView.swift in Sources */ = {isa = PBXBuildFile; fileRef = 938F6D6529E3B02E00DACB7A /* LogItemView.swift */; };
		939983FD29E4A31200631A20 /* Service in Resources */ = {isa = PBXBuildFile; fileRef = 939983FC29E4A31200631A20 /* Service */; };
		9399840229E4D14B00631A20 /* AppDelegate.swift in Sources */ = {isa = PBXBuildFile; fileRef = 9399840129E4D14B00631A20 /* AppDelegate.swift */; };
		939E085F29ECF07000D7AA6D /* UptimeLoggerTests.swift in Sources */ = {isa = PBXBuildFile; fileRef = 939E085E29ECF07000D7AA6D /* UptimeLoggerTests.swift */; };
		93A07CEC29E35501000EDA9C /* UptimeLoggerApp.swift in Sources */ = {isa = PBXBuildFile; fileRef = 93A07CEB29E35501000EDA9C /* UptimeLoggerApp.swift */; };
		93A07CF029E35502000EDA9C /* Assets.xcassets in Resources */ = {isa = PBXBuildFile; fileRef = 93A07CEF29E35502000EDA9C /* Assets.xcassets */; };
		93A8805729EF94CF005A4E1B /* ProcessView.swift in Sources */ = {isa = PBXBuildFile; fileRef = 93A8805629EF94CF005A4E1B /* ProcessView.swift */; };
		93A8805929EF96AB005A4E1B /* ProcessItemView.swift in Sources */ = {isa = PBXBuildFile; fileRef = 93A8805829EF96AB005A4E1B /* ProcessItemView.swift */; };
		93A8805B29EF97E6005A4E1B /* LogDetailsScreen.swift in Sources */ = {isa = PBXBuildFile; fileRef = 93A8805A29EF97E6005A4E1B /* LogDetailsScreen.swift */; };
		93A8805D29EFA072005A4E1B /* Battery.swift in Sources */ = {isa = PBXBuildFile; fileRef = 93A8805C29EFA072005A4E1B /* Battery.swift */; };
		93A8806229F0FFE1005A4E1B /* UpdateScreen.swift in Sources */ = {isa = PBXBuildFile; fileRef = 93A8806129F0FFE1005A4E1B /* UpdateScreen.swift */; };
		93A8806429F10727005A4E1B /* VersionCompare.swift in Sources */ = {isa = PBXBuildFile; fileRef = 93A8806329F10727005A4E1B /* VersionCompare.swift */; };
		93A8806629F1076E005A4E1B /* VersionTests.swift in Sources */ = {isa = PBXBuildFile; fileRef = 93A8806529F1076E005A4E1B /* VersionTests.swift */; };
		93A8806A29F10E46005A4E1B /* DownloadProvider.swift in Sources */ = {isa = PBXBuildFile; fileRef = 93A8806929F10E46005A4E1B /* DownloadProvider.swift */; };
		93AB39FC29E37737006BF0B9 /* LogItemInfo.swift in Sources */ = {isa = PBXBuildFile; fileRef = 93AB39FB29E37737006BF0B9 /* LogItemInfo.swift */; };
		93BD359529E6F7A100CB30A9 /* LogsProvider+Settings.swift in Sources */ = {isa = PBXBuildFile; fileRef = 93BD359429E6F7A100CB30A9 /* LogsProvider+Settings.swift */; };
		93BEA29329E46C4700280DAC /* Localizable.strings in Resources */ = {isa = PBXBuildFile; fileRef = 93BEA29129E46C4700280DAC /* Localizable.strings */; };
		93BEA29629E46E5900280DAC /* String+Localized.swift in Sources */ = {isa = PBXBuildFile; fileRef = 93BEA29529E46E5900280DAC /* String+Localized.swift */; };
		93C2748729E3D5DB0033AB01 /* FilesProvider.swift in Sources */ = {isa = PBXBuildFile; fileRef = 93C2748629E3D5DB0033AB01 /* FilesProvider.swift */; };
		93CCB83E29F70422001B6080 /* HeaderView.swift in Sources */ = {isa = PBXBuildFile; fileRef = 93CCB83D29F70422001B6080 /* HeaderView.swift */; };
		93CCB84029F70E14001B6080 /* MonoText.swift in Sources */ = {isa = PBXBuildFile; fileRef = 93CCB83F29F70E14001B6080 /* MonoText.swift */; };
		93CCB84229F713E9001B6080 /* LogsProvider+WithFileSystem.swift in Sources */ = {isa = PBXBuildFile; fileRef = 93CCB84129F713E9001B6080 /* LogsProvider+WithFileSystem.swift */; };
		93CCB84429F71400001B6080 /* LogsProvider+WithMock.swift in Sources */ = {isa = PBXBuildFile; fileRef = 93CCB84329F71400001B6080 /* LogsProvider+WithMock.swift */; };
		93ED9F9B29ED2034009CBCED /* AppScheme.swift in Sources */ = {isa = PBXBuildFile; fileRef = 93ED9F9A29ED2034009CBCED /* AppScheme.swift */; };
		93F4070629EF5BFA00EEDE7B /* ProcessInfo.swift in Sources */ = {isa = PBXBuildFile; fileRef = 93F4070529EF5BFA00EEDE7B /* ProcessInfo.swift */; };
		93F4070829EF5CE900EEDE7B /* ProcessInfoTests.swift in Sources */ = {isa = PBXBuildFile; fileRef = 93F4070729EF5CE900EEDE7B /* ProcessInfoTests.swift */; };
/* End PBXBuildFile section */

/* Begin PBXContainerItemProxy section */
		939E086029ECF07000D7AA6D /* PBXContainerItemProxy */ = {
			isa = PBXContainerItemProxy;
			containerPortal = 93A07CE029E35501000EDA9C /* Project object */;
			proxyType = 1;
			remoteGlobalIDString = 93A07CE729E35501000EDA9C;
			remoteInfo = UptimeLogger;
		};
/* End PBXContainerItemProxy section */

/* Begin PBXFileReference section */
		93057FD429E3589900D1FD50 /* LogsListView.swift */ = {isa = PBXFileReference; lastKnownFileType = sourcecode.swift; path = LogsListView.swift; sourceTree = "<group>"; };
		9305AF7C29F756390075A312 /* GoogleService-Info.plist */ = {isa = PBXFileReference; fileEncoding = 4; lastKnownFileType = text.plist.xml; path = "GoogleService-Info.plist"; sourceTree = "<group>"; };
		930D124E29E6746C00456416 /* LegendView.swift */ = {isa = PBXFileReference; lastKnownFileType = sourcecode.swift; path = LegendView.swift; sourceTree = "<group>"; };
		934DC48A29E636870072A25C /* NavigationAppView.swift */ = {isa = PBXFileReference; lastKnownFileType = sourcecode.swift; path = NavigationAppView.swift; sourceTree = "<group>"; };
		934DC48C29E638940072A25C /* LogsScreen.swift */ = {isa = PBXFileReference; lastKnownFileType = sourcecode.swift; path = LogsScreen.swift; sourceTree = "<group>"; };
		934DC48E29E63B640072A25C /* SettingsScreen.swift */ = {isa = PBXFileReference; lastKnownFileType = sourcecode.swift; path = SettingsScreen.swift; sourceTree = "<group>"; };
		9367120629F772FF004034B3 /* UptimeLoggerTests.xctest */ = {isa = PBXFileReference; explicitFileType = wrapper.cfbundle; includeInIndex = 0; path = UptimeLoggerTests.xctest; sourceTree = BUILT_PRODUCTS_DIR; };
		9367120929F7ACC3004034B3 /* fr */ = {isa = PBXFileReference; lastKnownFileType = text.plist.strings; name = fr; path = fr.lproj/Localizable.strings; sourceTree = "<group>"; };
		937ED70D29EBB22200CFBAB4 /* Locales.swift */ = {isa = PBXFileReference; lastKnownFileType = sourcecode.swift; path = Locales.swift; sourceTree = "<group>"; };
		938CD47429F7201600A225A3 /* ThreeCaseState.swift */ = {isa = PBXFileReference; lastKnownFileType = sourcecode.swift; path = ThreeCaseState.swift; sourceTree = "<group>"; };
		938F6D6129E3909000DACB7A /* LogsProvider.swift */ = {isa = PBXFileReference; lastKnownFileType = sourcecode.swift; path = LogsProvider.swift; sourceTree = "<group>"; };
		938F6D6529E3B02E00DACB7A /* LogItemView.swift */ = {isa = PBXFileReference; lastKnownFileType = sourcecode.swift; path = LogItemView.swift; sourceTree = "<group>"; };
		939983FC29E4A31200631A20 /* Service */ = {isa = PBXFileReference; lastKnownFileType = folder; path = Service; sourceTree = "<group>"; };
		9399840129E4D14B00631A20 /* AppDelegate.swift */ = {isa = PBXFileReference; lastKnownFileType = sourcecode.swift; path = AppDelegate.swift; sourceTree = "<group>"; };
		939E085E29ECF07000D7AA6D /* UptimeLoggerTests.swift */ = {isa = PBXFileReference; lastKnownFileType = sourcecode.swift; path = UptimeLoggerTests.swift; sourceTree = "<group>"; };
		93A07CE829E35501000EDA9C /* UptimeLogger.app */ = {isa = PBXFileReference; explicitFileType = wrapper.application; includeInIndex = 0; path = UptimeLogger.app; sourceTree = BUILT_PRODUCTS_DIR; };
		93A07CEB29E35501000EDA9C /* UptimeLoggerApp.swift */ = {isa = PBXFileReference; lastKnownFileType = sourcecode.swift; path = UptimeLoggerApp.swift; sourceTree = "<group>"; };
		93A07CEF29E35502000EDA9C /* Assets.xcassets */ = {isa = PBXFileReference; lastKnownFileType = folder.assetcatalog; path = Assets.xcassets; sourceTree = "<group>"; };
		93A07CF429E35502000EDA9C /* UptimeLogger.entitlements */ = {isa = PBXFileReference; lastKnownFileType = text.plist.entitlements; path = UptimeLogger.entitlements; sourceTree = "<group>"; };
		93A8805629EF94CF005A4E1B /* ProcessView.swift */ = {isa = PBXFileReference; lastKnownFileType = sourcecode.swift; path = ProcessView.swift; sourceTree = "<group>"; };
		93A8805829EF96AB005A4E1B /* ProcessItemView.swift */ = {isa = PBXFileReference; lastKnownFileType = sourcecode.swift; path = ProcessItemView.swift; sourceTree = "<group>"; };
		93A8805A29EF97E6005A4E1B /* LogDetailsScreen.swift */ = {isa = PBXFileReference; lastKnownFileType = sourcecode.swift; path = LogDetailsScreen.swift; sourceTree = "<group>"; };
		93A8805C29EFA072005A4E1B /* Battery.swift */ = {isa = PBXFileReference; lastKnownFileType = sourcecode.swift; path = Battery.swift; sourceTree = "<group>"; };
		93A8806129F0FFE1005A4E1B /* UpdateScreen.swift */ = {isa = PBXFileReference; lastKnownFileType = sourcecode.swift; path = UpdateScreen.swift; sourceTree = "<group>"; };
		93A8806329F10727005A4E1B /* VersionCompare.swift */ = {isa = PBXFileReference; lastKnownFileType = sourcecode.swift; path = VersionCompare.swift; sourceTree = "<group>"; };
		93A8806529F1076E005A4E1B /* VersionTests.swift */ = {isa = PBXFileReference; lastKnownFileType = sourcecode.swift; path = VersionTests.swift; sourceTree = "<group>"; };
		93A8806929F10E46005A4E1B /* DownloadProvider.swift */ = {isa = PBXFileReference; fileEncoding = 4; lastKnownFileType = sourcecode.swift; path = DownloadProvider.swift; sourceTree = "<group>"; };
		93AB39FB29E37737006BF0B9 /* LogItemInfo.swift */ = {isa = PBXFileReference; lastKnownFileType = sourcecode.swift; path = LogItemInfo.swift; sourceTree = "<group>"; };
		93BD359429E6F7A100CB30A9 /* LogsProvider+Settings.swift */ = {isa = PBXFileReference; lastKnownFileType = sourcecode.swift; path = "LogsProvider+Settings.swift"; sourceTree = "<group>"; };
		93BEA29229E46C4700280DAC /* en */ = {isa = PBXFileReference; lastKnownFileType = text.plist.strings; name = en; path = en.lproj/Localizable.strings; sourceTree = "<group>"; };
		93BEA29429E46C5500280DAC /* pt-br */ = {isa = PBXFileReference; lastKnownFileType = text.plist.strings; name = "pt-br"; path = "pt-br.lproj/Localizable.strings"; sourceTree = "<group>"; };
		93BEA29529E46E5900280DAC /* String+Localized.swift */ = {isa = PBXFileReference; lastKnownFileType = sourcecode.swift; path = "String+Localized.swift"; sourceTree = "<group>"; };
		93C2748629E3D5DB0033AB01 /* FilesProvider.swift */ = {isa = PBXFileReference; lastKnownFileType = sourcecode.swift; path = FilesProvider.swift; sourceTree = "<group>"; };
		93CCB83D29F70422001B6080 /* HeaderView.swift */ = {isa = PBXFileReference; lastKnownFileType = sourcecode.swift; path = HeaderView.swift; sourceTree = "<group>"; };
		93CCB83F29F70E14001B6080 /* MonoText.swift */ = {isa = PBXFileReference; lastKnownFileType = sourcecode.swift; path = MonoText.swift; sourceTree = "<group>"; };
		93CCB84129F713E9001B6080 /* LogsProvider+WithFileSystem.swift */ = {isa = PBXFileReference; lastKnownFileType = sourcecode.swift; path = "LogsProvider+WithFileSystem.swift"; sourceTree = "<group>"; };
		93CCB84329F71400001B6080 /* LogsProvider+WithMock.swift */ = {isa = PBXFileReference; lastKnownFileType = sourcecode.swift; path = "LogsProvider+WithMock.swift"; sourceTree = "<group>"; };
		93ED9F9629ED0691009CBCED /* UptimeLogger.xctestplan */ = {isa = PBXFileReference; lastKnownFileType = text; path = UptimeLogger.xctestplan; sourceTree = "<group>"; };
		93ED9F9A29ED2034009CBCED /* AppScheme.swift */ = {isa = PBXFileReference; lastKnownFileType = sourcecode.swift; path = AppScheme.swift; sourceTree = "<group>"; };
		93ED9F9C29ED23FE009CBCED /* Info.plist */ = {isa = PBXFileReference; lastKnownFileType = text.plist.xml; path = Info.plist; sourceTree = "<group>"; };
		93F4070529EF5BFA00EEDE7B /* ProcessInfo.swift */ = {isa = PBXFileReference; lastKnownFileType = sourcecode.swift; path = ProcessInfo.swift; sourceTree = "<group>"; };
		93F4070729EF5CE900EEDE7B /* ProcessInfoTests.swift */ = {isa = PBXFileReference; lastKnownFileType = sourcecode.swift; path = ProcessInfoTests.swift; sourceTree = "<group>"; };
/* End PBXFileReference section */

/* Begin PBXFrameworksBuildPhase section */
		939E085929ECF07000D7AA6D /* Frameworks */ = {
			isa = PBXFrameworksBuildPhase;
			buildActionMask = 2147483647;
			files = (
			);
			runOnlyForDeploymentPostprocessing = 0;
		};
		93A07CE529E35501000EDA9C /* Frameworks */ = {
			isa = PBXFrameworksBuildPhase;
			buildActionMask = 2147483647;
			files = (
				9305AEE529F754250075A312 /* FirebaseInstallations in Frameworks */,
				9305AEE129F754250075A312 /* FirebaseAnalytics in Frameworks */,
				9305AEE329F754250075A312 /* FirebaseCrashlytics in Frameworks */,
			);
			runOnlyForDeploymentPostprocessing = 0;
		};
/* End PBXFrameworksBuildPhase section */

/* Begin PBXGroup section */
		934DC48329E635AA0072A25C /* Screens */ = {
			isa = PBXGroup;
			children = (
				93A8806029F0FFCD005A4E1B /* Update */,
				934DC48729E636080072A25C /* Settings */,
				934DC48629E635FE0072A25C /* Logs */,
				93ED9F9729ED1F85009CBCED /* LogDetails */,
			);
			path = Screens;
			sourceTree = "<group>";
		};
		934DC48629E635FE0072A25C /* Logs */ = {
			isa = PBXGroup;
			children = (
				934DC48C29E638940072A25C /* LogsScreen.swift */,
				93057FD429E3589900D1FD50 /* LogsListView.swift */,
				938F6D6529E3B02E00DACB7A /* LogItemView.swift */,
				930D124E29E6746C00456416 /* LegendView.swift */,
			);
			path = Logs;
			sourceTree = "<group>";
		};
		934DC48729E636080072A25C /* Settings */ = {
			isa = PBXGroup;
			children = (
				934DC48E29E63B640072A25C /* SettingsScreen.swift */,
			);
			path = Settings;
			sourceTree = "<group>";
		};
		9367120829F79BEC004034B3 /* Resources */ = {
			isa = PBXGroup;
			children = (
				93ED9F9C29ED23FE009CBCED /* Info.plist */,
				9305AF7C29F756390075A312 /* GoogleService-Info.plist */,
				93A07CEF29E35502000EDA9C /* Assets.xcassets */,
				93BEA29129E46C4700280DAC /* Localizable.strings */,
				93A07CF429E35502000EDA9C /* UptimeLogger.entitlements */,
				93ED9F9629ED0691009CBCED /* UptimeLogger.xctestplan */,
			);
			path = Resources;
			sourceTree = "<group>";
		};
		937ED70C29EBB21000CFBAB4 /* Utilities */ = {
			isa = PBXGroup;
			children = (
				93BEA29529E46E5900280DAC /* String+Localized.swift */,
				937ED70D29EBB22200CFBAB4 /* Locales.swift */,
				93ED9F9A29ED2034009CBCED /* AppScheme.swift */,
				93A8806329F10727005A4E1B /* VersionCompare.swift */,
			);
			path = Utilities;
			sourceTree = "<group>";
		};
		938F6D5F29E3905B00DACB7A /* Providers */ = {
			isa = PBXGroup;
			children = (
				93A8806929F10E46005A4E1B /* DownloadProvider.swift */,
				93C2748629E3D5DB0033AB01 /* FilesProvider.swift */,
				938F6D6129E3909000DACB7A /* LogsProvider.swift */,
				93CCB84129F713E9001B6080 /* LogsProvider+WithFileSystem.swift */,
				93CCB84329F71400001B6080 /* LogsProvider+WithMock.swift */,
				93BD359429E6F7A100CB30A9 /* LogsProvider+Settings.swift */,
			);
			path = Providers;
			sourceTree = "<group>";
		};
		938F6D6029E3906E00DACB7A /* Views */ = {
			isa = PBXGroup;
			children = (
				93CCB83C29F7040D001B6080 /* Components */,
				934DC48329E635AA0072A25C /* Screens */,
				934DC48A29E636870072A25C /* NavigationAppView.swift */,
			);
			path = Views;
			sourceTree = "<group>";
		};
		939E085D29ECF07000D7AA6D /* Tests */ = {
			isa = PBXGroup;
			children = (
				939E085E29ECF07000D7AA6D /* UptimeLoggerTests.swift */,
				93F4070729EF5CE900EEDE7B /* ProcessInfoTests.swift */,
				93A8806529F1076E005A4E1B /* VersionTests.swift */,
			);
			path = Tests;
			sourceTree = "<group>";
		};
		93A07CDF29E35501000EDA9C = {
			isa = PBXGroup;
			children = (
				93A07CE929E35501000EDA9C /* Products */,
				939983FC29E4A31200631A20 /* Service */,
				939E085D29ECF07000D7AA6D /* Tests */,
				9367120829F79BEC004034B3 /* Resources */,
				93BEA29029E4659300280DAC /* Sources */,
			);
			sourceTree = "<group>";
		};
		93A07CE929E35501000EDA9C /* Products */ = {
			isa = PBXGroup;
			children = (
				93A07CE829E35501000EDA9C /* UptimeLogger.app */,
				9367120629F772FF004034B3 /* UptimeLoggerTests.xctest */,
			);
			name = Products;
			sourceTree = "<group>";
		};
		93A8806029F0FFCD005A4E1B /* Update */ = {
			isa = PBXGroup;
			children = (
				93A8806129F0FFE1005A4E1B /* UpdateScreen.swift */,
			);
			path = Update;
			sourceTree = "<group>";
		};
		93AB39FA29E3771C006BF0B9 /* Models */ = {
			isa = PBXGroup;
			children = (
				93AB39FB29E37737006BF0B9 /* LogItemInfo.swift */,
				93F4070529EF5BFA00EEDE7B /* ProcessInfo.swift */,
				938CD47429F7201600A225A3 /* ThreeCaseState.swift */,
			);
			path = Models;
			sourceTree = "<group>";
		};
		93BEA29029E4659300280DAC /* Sources */ = {
			isa = PBXGroup;
			children = (
				937ED70C29EBB21000CFBAB4 /* Utilities */,
				938F6D6029E3906E00DACB7A /* Views */,
				938F6D5F29E3905B00DACB7A /* Providers */,
				93AB39FA29E3771C006BF0B9 /* Models */,
				93A07CEB29E35501000EDA9C /* UptimeLoggerApp.swift */,
				9399840129E4D14B00631A20 /* AppDelegate.swift */,
			);
			path = Sources;
			sourceTree = "<group>";
		};
		93CCB83C29F7040D001B6080 /* Components */ = {
			isa = PBXGroup;
			children = (
				93A8805C29EFA072005A4E1B /* Battery.swift */,
				93CCB83D29F70422001B6080 /* HeaderView.swift */,
				93CCB83F29F70E14001B6080 /* MonoText.swift */,
			);
			path = Components;
			sourceTree = "<group>";
		};
		93ED9F9729ED1F85009CBCED /* LogDetails */ = {
			isa = PBXGroup;
			children = (
				93A8805A29EF97E6005A4E1B /* LogDetailsScreen.swift */,
				93A8805629EF94CF005A4E1B /* ProcessView.swift */,
				93A8805829EF96AB005A4E1B /* ProcessItemView.swift */,
			);
			path = LogDetails;
			sourceTree = "<group>";
		};
/* End PBXGroup section */

/* Begin PBXNativeTarget section */
		939E085B29ECF07000D7AA6D /* UptimeLoggerTests */ = {
			isa = PBXNativeTarget;
			buildConfigurationList = 939E086229ECF07000D7AA6D /* Build configuration list for PBXNativeTarget "UptimeLoggerTests" */;
			buildPhases = (
				939E085829ECF07000D7AA6D /* Sources */,
				939E085929ECF07000D7AA6D /* Frameworks */,
				939E085A29ECF07000D7AA6D /* Resources */,
			);
			buildRules = (
			);
			dependencies = (
				939E086129ECF07000D7AA6D /* PBXTargetDependency */,
			);
			name = UptimeLoggerTests;
			productName = UptimeLoggerTests;
			productReference = 9367120629F772FF004034B3 /* UptimeLoggerTests.xctest */;
			productType = "com.apple.product-type.bundle.unit-test";
		};
		93A07CE729E35501000EDA9C /* UptimeLogger */ = {
			isa = PBXNativeTarget;
			buildConfigurationList = 93A07D0D29E35502000EDA9C /* Build configuration list for PBXNativeTarget "UptimeLogger" */;
			buildPhases = (
				93A07CE429E35501000EDA9C /* Sources */,
				93A07CE529E35501000EDA9C /* Frameworks */,
				93A07CE629E35501000EDA9C /* Resources */,
			);
			buildRules = (
			);
			dependencies = (
			);
			name = UptimeLogger;
			packageProductDependencies = (
				9305AEE029F754250075A312 /* FirebaseAnalytics */,
				9305AEE229F754250075A312 /* FirebaseCrashlytics */,
				9305AEE429F754250075A312 /* FirebaseInstallations */,
			);
			productName = UptimeLogger;
			productReference = 93A07CE829E35501000EDA9C /* UptimeLogger.app */;
			productType = "com.apple.product-type.application";
		};
/* End PBXNativeTarget section */

/* Begin PBXProject section */
		93A07CE029E35501000EDA9C /* Project object */ = {
			isa = PBXProject;
			attributes = {
				BuildIndependentTargetsInParallel = 1;
				LastSwiftUpdateCheck = 1430;
				LastUpgradeCheck = 1430;
				TargetAttributes = {
					939E085B29ECF07000D7AA6D = {
						CreatedOnToolsVersion = 14.3;
						TestTargetID = 93A07CE729E35501000EDA9C;
					};
					93A07CE729E35501000EDA9C = {
						CreatedOnToolsVersion = 14.3;
					};
				};
			};
			buildConfigurationList = 93A07CE329E35501000EDA9C /* Build configuration list for PBXProject "UptimeLogger" */;
			compatibilityVersion = "Xcode 14.0";
			developmentRegion = en;
			hasScannedForEncodings = 0;
			knownRegions = (
				en,
				Base,
				"pt-BR",
				"pt-br",
				base,
				fr,
			);
			mainGroup = 93A07CDF29E35501000EDA9C;
			packageReferences = (
				9305AEDF29F754250075A312 /* XCRemoteSwiftPackageReference "firebase-ios-sdk" */,
			);
			productRefGroup = 93A07CE929E35501000EDA9C /* Products */;
			projectDirPath = "";
			projectRoot = "";
			targets = (
				93A07CE729E35501000EDA9C /* UptimeLogger */,
				939E085B29ECF07000D7AA6D /* UptimeLoggerTests */,
			);
		};
/* End PBXProject section */

/* Begin PBXResourcesBuildPhase section */
		939E085A29ECF07000D7AA6D /* Resources */ = {
			isa = PBXResourcesBuildPhase;
			buildActionMask = 2147483647;
			files = (
			);
			runOnlyForDeploymentPostprocessing = 0;
		};
		93A07CE629E35501000EDA9C /* Resources */ = {
			isa = PBXResourcesBuildPhase;
			buildActionMask = 2147483647;
			files = (
				93BEA29329E46C4700280DAC /* Localizable.strings in Resources */,
				9305AF7D29F756390075A312 /* GoogleService-Info.plist in Resources */,
				93A07CF029E35502000EDA9C /* Assets.xcassets in Resources */,
				939983FD29E4A31200631A20 /* Service in Resources */,
			);
			runOnlyForDeploymentPostprocessing = 0;
		};
/* End PBXResourcesBuildPhase section */

/* Begin PBXSourcesBuildPhase section */
		939E085829ECF07000D7AA6D /* Sources */ = {
			isa = PBXSourcesBuildPhase;
			buildActionMask = 2147483647;
			files = (
				939E085F29ECF07000D7AA6D /* UptimeLoggerTests.swift in Sources */,
				93F4070829EF5CE900EEDE7B /* ProcessInfoTests.swift in Sources */,
				93A8806629F1076E005A4E1B /* VersionTests.swift in Sources */,
			);
			runOnlyForDeploymentPostprocessing = 0;
		};
		93A07CE429E35501000EDA9C /* Sources */ = {
			isa = PBXSourcesBuildPhase;
			buildActionMask = 2147483647;
			files = (
				93CCB84229F713E9001B6080 /* LogsProvider+WithFileSystem.swift in Sources */,
				93ED9F9B29ED2034009CBCED /* AppScheme.swift in Sources */,
				9399840229E4D14B00631A20 /* AppDelegate.swift in Sources */,
				93A8806429F10727005A4E1B /* VersionCompare.swift in Sources */,
				93CCB84429F71400001B6080 /* LogsProvider+WithMock.swift in Sources */,
				934DC48B29E636870072A25C /* NavigationAppView.swift in Sources */,
				93A8805929EF96AB005A4E1B /* ProcessItemView.swift in Sources */,
				93BEA29629E46E5900280DAC /* String+Localized.swift in Sources */,
				934DC48D29E638940072A25C /* LogsScreen.swift in Sources */,
				93CCB83E29F70422001B6080 /* HeaderView.swift in Sources */,
				93A8805729EF94CF005A4E1B /* ProcessView.swift in Sources */,
				938F6D6229E3909000DACB7A /* LogsProvider.swift in Sources */,
				93A8805B29EF97E6005A4E1B /* LogDetailsScreen.swift in Sources */,
				93F4070629EF5BFA00EEDE7B /* ProcessInfo.swift in Sources */,
				93CCB84029F70E14001B6080 /* MonoText.swift in Sources */,
				938F6D6629E3B02E00DACB7A /* LogItemView.swift in Sources */,
				938CD47529F7201600A225A3 /* ThreeCaseState.swift in Sources */,
				937ED70E29EBB22200CFBAB4 /* Locales.swift in Sources */,
				934DC48F29E63B640072A25C /* SettingsScreen.swift in Sources */,
				93C2748729E3D5DB0033AB01 /* FilesProvider.swift in Sources */,
				93AB39FC29E37737006BF0B9 /* LogItemInfo.swift in Sources */,
				93A8806229F0FFE1005A4E1B /* UpdateScreen.swift in Sources */,
				93A8805D29EFA072005A4E1B /* Battery.swift in Sources */,
				93057FD529E3589900D1FD50 /* LogsListView.swift in Sources */,
				93BD359529E6F7A100CB30A9 /* LogsProvider+Settings.swift in Sources */,
				93A8806A29F10E46005A4E1B /* DownloadProvider.swift in Sources */,
				930D124F29E6746C00456416 /* LegendView.swift in Sources */,
				93A07CEC29E35501000EDA9C /* UptimeLoggerApp.swift in Sources */,
			);
			runOnlyForDeploymentPostprocessing = 0;
		};
/* End PBXSourcesBuildPhase section */

/* Begin PBXTargetDependency section */
		939E086129ECF07000D7AA6D /* PBXTargetDependency */ = {
			isa = PBXTargetDependency;
			target = 93A07CE729E35501000EDA9C /* UptimeLogger */;
			targetProxy = 939E086029ECF07000D7AA6D /* PBXContainerItemProxy */;
		};
/* End PBXTargetDependency section */

/* Begin PBXVariantGroup section */
		93BEA29129E46C4700280DAC /* Localizable.strings */ = {
			isa = PBXVariantGroup;
			children = (
				93BEA29229E46C4700280DAC /* en */,
				93BEA29429E46C5500280DAC /* pt-br */,
				9367120929F7ACC3004034B3 /* fr */,
			);
			name = Localizable.strings;
			sourceTree = "<group>";
		};
/* End PBXVariantGroup section */

/* Begin XCBuildConfiguration section */
		939E086329ECF07000D7AA6D /* Debug */ = {
			isa = XCBuildConfiguration;
			buildSettings = {
				BUNDLE_LOADER = "$(TEST_HOST)";
				CODE_SIGN_STYLE = Automatic;
				CURRENT_PROJECT_VERSION = 1;
				DEVELOPMENT_TEAM = DU6489YN3U;
				GCC_GENERATE_TEST_COVERAGE_FILES = YES;
				GCC_INSTRUMENT_PROGRAM_FLOW_ARCS = YES;
				GENERATE_INFOPLIST_FILE = YES;
				MACOSX_DEPLOYMENT_TARGET = 13.3;
				MARKETING_VERSION = 1.0;
				PRODUCT_BUNDLE_IDENTIFIER = br.com.victorwads.UptimeLoggerTests;
				PRODUCT_NAME = "$(TARGET_NAME)";
				SWIFT_EMIT_LOC_STRINGS = NO;
				SWIFT_VERSION = 5.0;
				TEST_HOST = "$(BUILT_PRODUCTS_DIR)/UptimeLogger.app/$(BUNDLE_EXECUTABLE_FOLDER_PATH)/UptimeLogger";
			};
			name = Debug;
		};
		939E086429ECF07000D7AA6D /* Release */ = {
			isa = XCBuildConfiguration;
			buildSettings = {
				BUNDLE_LOADER = "$(TEST_HOST)";
				CODE_SIGN_STYLE = Automatic;
				CURRENT_PROJECT_VERSION = 1;
				DEVELOPMENT_TEAM = DU6489YN3U;
				GCC_GENERATE_TEST_COVERAGE_FILES = YES;
				GCC_INSTRUMENT_PROGRAM_FLOW_ARCS = YES;
				GENERATE_INFOPLIST_FILE = YES;
				MACOSX_DEPLOYMENT_TARGET = 13.3;
				MARKETING_VERSION = 1.0;
				PRODUCT_BUNDLE_IDENTIFIER = br.com.victorwads.UptimeLoggerTests;
				PRODUCT_NAME = "$(TARGET_NAME)";
				SWIFT_EMIT_LOC_STRINGS = NO;
				SWIFT_VERSION = 5.0;
				TEST_HOST = "$(BUILT_PRODUCTS_DIR)/UptimeLogger.app/$(BUNDLE_EXECUTABLE_FOLDER_PATH)/UptimeLogger";
			};
			name = Release;
		};
		93A07D0B29E35502000EDA9C /* Debug */ = {
			isa = XCBuildConfiguration;
			buildSettings = {
				ALWAYS_SEARCH_USER_PATHS = NO;
				CLANG_ANALYZER_NONNULL = YES;
				CLANG_ANALYZER_NUMBER_OBJECT_CONVERSION = YES_AGGRESSIVE;
				CLANG_CXX_LANGUAGE_STANDARD = "gnu++20";
				CLANG_ENABLE_MODULES = YES;
				CLANG_ENABLE_OBJC_ARC = YES;
				CLANG_ENABLE_OBJC_WEAK = YES;
				CLANG_WARN_BLOCK_CAPTURE_AUTORELEASING = YES;
				CLANG_WARN_BOOL_CONVERSION = YES;
				CLANG_WARN_COMMA = YES;
				CLANG_WARN_CONSTANT_CONVERSION = YES;
				CLANG_WARN_DEPRECATED_OBJC_IMPLEMENTATIONS = YES;
				CLANG_WARN_DIRECT_OBJC_ISA_USAGE = YES_ERROR;
				CLANG_WARN_DOCUMENTATION_COMMENTS = YES;
				CLANG_WARN_EMPTY_BODY = YES;
				CLANG_WARN_ENUM_CONVERSION = YES;
				CLANG_WARN_INFINITE_RECURSION = YES;
				CLANG_WARN_INT_CONVERSION = YES;
				CLANG_WARN_NON_LITERAL_NULL_CONVERSION = YES;
				CLANG_WARN_OBJC_IMPLICIT_RETAIN_SELF = YES;
				CLANG_WARN_OBJC_LITERAL_CONVERSION = YES;
				CLANG_WARN_OBJC_ROOT_CLASS = YES_ERROR;
				CLANG_WARN_QUOTED_INCLUDE_IN_FRAMEWORK_HEADER = YES;
				CLANG_WARN_RANGE_LOOP_ANALYSIS = YES;
				CLANG_WARN_STRICT_PROTOTYPES = YES;
				CLANG_WARN_SUSPICIOUS_MOVE = YES;
				CLANG_WARN_UNGUARDED_AVAILABILITY = YES_AGGRESSIVE;
				CLANG_WARN_UNREACHABLE_CODE = YES;
				CLANG_WARN__DUPLICATE_METHOD_MATCH = YES;
				COPY_PHASE_STRIP = NO;
				DEBUG_INFORMATION_FORMAT = dwarf;
				ENABLE_STRICT_OBJC_MSGSEND = YES;
				ENABLE_TESTABILITY = YES;
				GCC_C_LANGUAGE_STANDARD = gnu11;
				GCC_DYNAMIC_NO_PIC = NO;
				GCC_NO_COMMON_BLOCKS = YES;
				GCC_OPTIMIZATION_LEVEL = 0;
				GCC_PREPROCESSOR_DEFINITIONS = (
					"DEBUG=1",
					"$(inherited)",
				);
				GCC_WARN_64_TO_32_BIT_CONVERSION = YES;
				GCC_WARN_ABOUT_RETURN_TYPE = YES_ERROR;
				GCC_WARN_UNDECLARED_SELECTOR = YES;
				GCC_WARN_UNINITIALIZED_AUTOS = YES_AGGRESSIVE;
				GCC_WARN_UNUSED_FUNCTION = YES;
				GCC_WARN_UNUSED_VARIABLE = YES;
				MACOSX_DEPLOYMENT_TARGET = 13.3;
				MTL_ENABLE_DEBUG_INFO = INCLUDE_SOURCE;
				MTL_FAST_MATH = YES;
				ONLY_ACTIVE_ARCH = YES;
				SDKROOT = macosx;
				SWIFT_ACTIVE_COMPILATION_CONDITIONS = DEBUG;
				SWIFT_OPTIMIZATION_LEVEL = "-Onone";
			};
			name = Debug;
		};
		93A07D0C29E35502000EDA9C /* Release */ = {
			isa = XCBuildConfiguration;
			buildSettings = {
				ALWAYS_SEARCH_USER_PATHS = NO;
				CLANG_ANALYZER_NONNULL = YES;
				CLANG_ANALYZER_NUMBER_OBJECT_CONVERSION = YES_AGGRESSIVE;
				CLANG_CXX_LANGUAGE_STANDARD = "gnu++20";
				CLANG_ENABLE_MODULES = YES;
				CLANG_ENABLE_OBJC_ARC = YES;
				CLANG_ENABLE_OBJC_WEAK = YES;
				CLANG_WARN_BLOCK_CAPTURE_AUTORELEASING = YES;
				CLANG_WARN_BOOL_CONVERSION = YES;
				CLANG_WARN_COMMA = YES;
				CLANG_WARN_CONSTANT_CONVERSION = YES;
				CLANG_WARN_DEPRECATED_OBJC_IMPLEMENTATIONS = YES;
				CLANG_WARN_DIRECT_OBJC_ISA_USAGE = YES_ERROR;
				CLANG_WARN_DOCUMENTATION_COMMENTS = YES;
				CLANG_WARN_EMPTY_BODY = YES;
				CLANG_WARN_ENUM_CONVERSION = YES;
				CLANG_WARN_INFINITE_RECURSION = YES;
				CLANG_WARN_INT_CONVERSION = YES;
				CLANG_WARN_NON_LITERAL_NULL_CONVERSION = YES;
				CLANG_WARN_OBJC_IMPLICIT_RETAIN_SELF = YES;
				CLANG_WARN_OBJC_LITERAL_CONVERSION = YES;
				CLANG_WARN_OBJC_ROOT_CLASS = YES_ERROR;
				CLANG_WARN_QUOTED_INCLUDE_IN_FRAMEWORK_HEADER = YES;
				CLANG_WARN_RANGE_LOOP_ANALYSIS = YES;
				CLANG_WARN_STRICT_PROTOTYPES = YES;
				CLANG_WARN_SUSPICIOUS_MOVE = YES;
				CLANG_WARN_UNGUARDED_AVAILABILITY = YES_AGGRESSIVE;
				CLANG_WARN_UNREACHABLE_CODE = YES;
				CLANG_WARN__DUPLICATE_METHOD_MATCH = YES;
				COPY_PHASE_STRIP = NO;
				DEBUG_INFORMATION_FORMAT = "dwarf-with-dsym";
				ENABLE_NS_ASSERTIONS = NO;
				ENABLE_STRICT_OBJC_MSGSEND = YES;
				ENABLE_TESTABILITY = YES;
				GCC_C_LANGUAGE_STANDARD = gnu11;
				GCC_NO_COMMON_BLOCKS = YES;
				GCC_WARN_64_TO_32_BIT_CONVERSION = YES;
				GCC_WARN_ABOUT_RETURN_TYPE = YES_ERROR;
				GCC_WARN_UNDECLARED_SELECTOR = YES;
				GCC_WARN_UNINITIALIZED_AUTOS = YES_AGGRESSIVE;
				GCC_WARN_UNUSED_FUNCTION = YES;
				GCC_WARN_UNUSED_VARIABLE = YES;
				MACOSX_DEPLOYMENT_TARGET = 13.3;
				MTL_ENABLE_DEBUG_INFO = NO;
				MTL_FAST_MATH = YES;
				ONLY_ACTIVE_ARCH = YES;
				SDKROOT = macosx;
				SWIFT_COMPILATION_MODE = wholemodule;
				SWIFT_OPTIMIZATION_LEVEL = "-O";
			};
			name = Release;
		};
		93A07D0E29E35502000EDA9C /* Debug */ = {
			isa = XCBuildConfiguration;
			buildSettings = {
				ASSETCATALOG_COMPILER_APPICON_NAME = AppIcon;
				ASSETCATALOG_COMPILER_GLOBAL_ACCENT_COLOR_NAME = AccentColor;
				CODE_SIGN_ENTITLEMENTS = Resources/UptimeLogger.entitlements;
				CODE_SIGN_IDENTITY = "Apple Development";
				"CODE_SIGN_IDENTITY[sdk=macosx*]" = "Apple Development";
				CODE_SIGN_STYLE = Automatic;
				COMBINE_HIDPI_IMAGES = YES;
				CURRENT_PROJECT_VERSION = 6;
				DEVELOPMENT_ASSET_PATHS = "";
				DEVELOPMENT_TEAM = DU6489YN3U;
				ENABLE_HARDENED_RUNTIME = YES;
				ENABLE_PREVIEWS = YES;
				GENERATE_INFOPLIST_FILE = YES;
				INFOPLIST_FILE = Resources/Info.plist;
				INFOPLIST_KEY_CFBundleDisplayName = "Uptime Logger";
				INFOPLIST_KEY_LSApplicationCategoryType = "public.app-category.utilities";
				INFOPLIST_KEY_NSHumanReadableCopyright = "";
				LD_RUNPATH_SEARCH_PATHS = (
					"$(inherited)",
					"@executable_path/../Frameworks",
				);
				MACOSX_DEPLOYMENT_TARGET = 11.0;
				MARKETING_VERSION = 2.3;
				PRODUCT_BUNDLE_IDENTIFIER = br.com.victorwads.UptimeLogger;
				PRODUCT_NAME = "$(TARGET_NAME)";
				PROVISIONING_PROFILE_SPECIFIER = "";
				SWIFT_EMIT_LOC_STRINGS = YES;
				SWIFT_VERSION = 5.0;
			};
			name = Debug;
		};
		93A07D0F29E35502000EDA9C /* Release */ = {
			isa = XCBuildConfiguration;
			buildSettings = {
				ASSETCATALOG_COMPILER_APPICON_NAME = AppIcon;
				ASSETCATALOG_COMPILER_GLOBAL_ACCENT_COLOR_NAME = AccentColor;
				CODE_SIGN_ENTITLEMENTS = Resources/UptimeLogger.entitlements;
				CODE_SIGN_IDENTITY = "Apple Development";
				"CODE_SIGN_IDENTITY[sdk=macosx*]" = "Apple Development";
				CODE_SIGN_STYLE = Automatic;
				COMBINE_HIDPI_IMAGES = YES;
				CURRENT_PROJECT_VERSION = 6;
				DEVELOPMENT_ASSET_PATHS = "";
				DEVELOPMENT_TEAM = DU6489YN3U;
				ENABLE_HARDENED_RUNTIME = YES;
				ENABLE_PREVIEWS = YES;
				GENERATE_INFOPLIST_FILE = YES;
				INFOPLIST_FILE = Resources/Info.plist;
				INFOPLIST_KEY_CFBundleDisplayName = "Uptime Logger";
				INFOPLIST_KEY_LSApplicationCategoryType = "public.app-category.utilities";
				INFOPLIST_KEY_NSHumanReadableCopyright = "";
				LD_RUNPATH_SEARCH_PATHS = (
					"$(inherited)",
					"@executable_path/../Frameworks",
				);
				MACOSX_DEPLOYMENT_TARGET = 11.0;
				MARKETING_VERSION = 2.3;
				PRODUCT_BUNDLE_IDENTIFIER = br.com.victorwads.UptimeLogger;
				PRODUCT_NAME = "$(TARGET_NAME)";
				PROVISIONING_PROFILE_SPECIFIER = "";
				SWIFT_EMIT_LOC_STRINGS = YES;
				SWIFT_VERSION = 5.0;
			};
			name = Release;
		};
/* End XCBuildConfiguration section */

/* Begin XCConfigurationList section */
		939E086229ECF07000D7AA6D /* Build configuration list for PBXNativeTarget "UptimeLoggerTests" */ = {
			isa = XCConfigurationList;
			buildConfigurations = (
				939E086329ECF07000D7AA6D /* Debug */,
				939E086429ECF07000D7AA6D /* Release */,
			);
			defaultConfigurationIsVisible = 0;
			defaultConfigurationName = Release;
		};
		93A07CE329E35501000EDA9C /* Build configuration list for PBXProject "UptimeLogger" */ = {
			isa = XCConfigurationList;
			buildConfigurations = (
				93A07D0B29E35502000EDA9C /* Debug */,
				93A07D0C29E35502000EDA9C /* Release */,
			);
			defaultConfigurationIsVisible = 0;
			defaultConfigurationName = Release;
		};
		93A07D0D29E35502000EDA9C /* Build configuration list for PBXNativeTarget "UptimeLogger" */ = {
			isa = XCConfigurationList;
			buildConfigurations = (
				93A07D0E29E35502000EDA9C /* Debug */,
				93A07D0F29E35502000EDA9C /* Release */,
			);
			defaultConfigurationIsVisible = 0;
			defaultConfigurationName = Release;
		};
/* End XCConfigurationList section */

/* Begin XCRemoteSwiftPackageReference section */
		9305AEDF29F754250075A312 /* XCRemoteSwiftPackageReference "firebase-ios-sdk" */ = {
			isa = XCRemoteSwiftPackageReference;
			repositoryURL = "https://github.com/firebase/firebase-ios-sdk";
			requirement = {
				kind = exactVersion;
				version = 10.8.1;
			};
		};
/* End XCRemoteSwiftPackageReference section */

/* Begin XCSwiftPackageProductDependency section */
		9305AEE029F754250075A312 /* FirebaseAnalytics */ = {
			isa = XCSwiftPackageProductDependency;
			package = 9305AEDF29F754250075A312 /* XCRemoteSwiftPackageReference "firebase-ios-sdk" */;
			productName = FirebaseAnalytics;
		};
		9305AEE229F754250075A312 /* FirebaseCrashlytics */ = {
			isa = XCSwiftPackageProductDependency;
			package = 9305AEDF29F754250075A312 /* XCRemoteSwiftPackageReference "firebase-ios-sdk" */;
			productName = FirebaseCrashlytics;
		};
		9305AEE429F754250075A312 /* FirebaseInstallations */ = {
			isa = XCSwiftPackageProductDependency;
			package = 9305AEDF29F754250075A312 /* XCRemoteSwiftPackageReference "firebase-ios-sdk" */;
			productName = FirebaseInstallations;
		};
/* End XCSwiftPackageProductDependency section */
	};
	rootObject = 93A07CE029E35501000EDA9C /* Project object */;
}
