// !$*UTF8*$!
{
	archiveVersion = 1;
	classes = {
	};
	objectVersion = 56;
	objects = {

/* Begin PBXBuildFile section */
		93057FD529E3589900D1FD50 /* LogsView.swift in Sources */ = {isa = PBXBuildFile; fileRef = 93057FD429E3589900D1FD50 /* LogsView.swift */; };
		938F6D6229E3909000DACB7A /* LogsProvider.swift in Sources */ = {isa = PBXBuildFile; fileRef = 938F6D6129E3909000DACB7A /* LogsProvider.swift */; };
		938F6D6429E3ACF400DACB7A /* Menus.swift in Sources */ = {isa = PBXBuildFile; fileRef = 938F6D6329E3ACF400DACB7A /* Menus.swift */; };
		938F6D6629E3B02E00DACB7A /* LogItemView.swift in Sources */ = {isa = PBXBuildFile; fileRef = 938F6D6529E3B02E00DACB7A /* LogItemView.swift */; };
		93A07CEC29E35501000EDA9C /* UptimeLoggerApp.swift in Sources */ = {isa = PBXBuildFile; fileRef = 93A07CEB29E35501000EDA9C /* UptimeLoggerApp.swift */; };
		93A07CEE29E35501000EDA9C /* ContentView.swift in Sources */ = {isa = PBXBuildFile; fileRef = 93A07CED29E35501000EDA9C /* ContentView.swift */; };
		93A07CF029E35502000EDA9C /* Assets.xcassets in Resources */ = {isa = PBXBuildFile; fileRef = 93A07CEF29E35502000EDA9C /* Assets.xcassets */; };
		93A07CF329E35502000EDA9C /* Preview Assets.xcassets in Resources */ = {isa = PBXBuildFile; fileRef = 93A07CF229E35502000EDA9C /* Preview Assets.xcassets */; };
		93A07CFE29E35502000EDA9C /* UptimeLoggerTests.swift in Sources */ = {isa = PBXBuildFile; fileRef = 93A07CFD29E35502000EDA9C /* UptimeLoggerTests.swift */; };
		93A07D0829E35502000EDA9C /* UptimeLoggerUITests.swift in Sources */ = {isa = PBXBuildFile; fileRef = 93A07D0729E35502000EDA9C /* UptimeLoggerUITests.swift */; };
		93A07D0A29E35502000EDA9C /* UptimeLoggerUITestsLaunchTests.swift in Sources */ = {isa = PBXBuildFile; fileRef = 93A07D0929E35502000EDA9C /* UptimeLoggerUITestsLaunchTests.swift */; };
		93AB39FC29E37737006BF0B9 /* LogItemInfo.swift in Sources */ = {isa = PBXBuildFile; fileRef = 93AB39FB29E37737006BF0B9 /* LogItemInfo.swift */; };
		93BEA29329E46C4700280DAC /* Localizable.strings in Resources */ = {isa = PBXBuildFile; fileRef = 93BEA29129E46C4700280DAC /* Localizable.strings */; };
		93BEA29629E46E5900280DAC /* String+Localized.swift in Sources */ = {isa = PBXBuildFile; fileRef = 93BEA29529E46E5900280DAC /* String+Localized.swift */; };
		93C2748729E3D5DB0033AB01 /* FilesProvider.swift in Sources */ = {isa = PBXBuildFile; fileRef = 93C2748629E3D5DB0033AB01 /* FilesProvider.swift */; };
/* End PBXBuildFile section */

/* Begin PBXContainerItemProxy section */
		93A07CFA29E35502000EDA9C /* PBXContainerItemProxy */ = {
			isa = PBXContainerItemProxy;
			containerPortal = 93A07CE029E35501000EDA9C /* Project object */;
			proxyType = 1;
			remoteGlobalIDString = 93A07CE729E35501000EDA9C;
			remoteInfo = UptimeLogger;
		};
		93A07D0429E35502000EDA9C /* PBXContainerItemProxy */ = {
			isa = PBXContainerItemProxy;
			containerPortal = 93A07CE029E35501000EDA9C /* Project object */;
			proxyType = 1;
			remoteGlobalIDString = 93A07CE729E35501000EDA9C;
			remoteInfo = UptimeLogger;
		};
/* End PBXContainerItemProxy section */

/* Begin PBXFileReference section */
		93057FD429E3589900D1FD50 /* LogsView.swift */ = {isa = PBXFileReference; lastKnownFileType = sourcecode.swift; path = LogsView.swift; sourceTree = "<group>"; };
		938F6D6129E3909000DACB7A /* LogsProvider.swift */ = {isa = PBXFileReference; lastKnownFileType = sourcecode.swift; path = LogsProvider.swift; sourceTree = "<group>"; };
		938F6D6329E3ACF400DACB7A /* Menus.swift */ = {isa = PBXFileReference; lastKnownFileType = sourcecode.swift; path = Menus.swift; sourceTree = "<group>"; };
		938F6D6529E3B02E00DACB7A /* LogItemView.swift */ = {isa = PBXFileReference; lastKnownFileType = sourcecode.swift; path = LogItemView.swift; sourceTree = "<group>"; };
		93A07CE829E35501000EDA9C /* UptimeLogger.app */ = {isa = PBXFileReference; explicitFileType = wrapper.application; includeInIndex = 0; path = UptimeLogger.app; sourceTree = BUILT_PRODUCTS_DIR; };
		93A07CEB29E35501000EDA9C /* UptimeLoggerApp.swift */ = {isa = PBXFileReference; lastKnownFileType = sourcecode.swift; path = UptimeLoggerApp.swift; sourceTree = "<group>"; };
		93A07CED29E35501000EDA9C /* ContentView.swift */ = {isa = PBXFileReference; lastKnownFileType = sourcecode.swift; path = ContentView.swift; sourceTree = "<group>"; };
		93A07CEF29E35502000EDA9C /* Assets.xcassets */ = {isa = PBXFileReference; lastKnownFileType = folder.assetcatalog; path = Assets.xcassets; sourceTree = "<group>"; };
		93A07CF229E35502000EDA9C /* Preview Assets.xcassets */ = {isa = PBXFileReference; lastKnownFileType = folder.assetcatalog; path = "Preview Assets.xcassets"; sourceTree = "<group>"; };
		93A07CF429E35502000EDA9C /* UptimeLogger.entitlements */ = {isa = PBXFileReference; lastKnownFileType = text.plist.entitlements; path = UptimeLogger.entitlements; sourceTree = "<group>"; };
		93A07CF929E35502000EDA9C /* UptimeLoggerTests.xctest */ = {isa = PBXFileReference; explicitFileType = wrapper.cfbundle; includeInIndex = 0; path = UptimeLoggerTests.xctest; sourceTree = BUILT_PRODUCTS_DIR; };
		93A07CFD29E35502000EDA9C /* UptimeLoggerTests.swift */ = {isa = PBXFileReference; lastKnownFileType = sourcecode.swift; path = UptimeLoggerTests.swift; sourceTree = "<group>"; };
		93A07D0329E35502000EDA9C /* UptimeLoggerUITests.xctest */ = {isa = PBXFileReference; explicitFileType = wrapper.cfbundle; includeInIndex = 0; path = UptimeLoggerUITests.xctest; sourceTree = BUILT_PRODUCTS_DIR; };
		93A07D0729E35502000EDA9C /* UptimeLoggerUITests.swift */ = {isa = PBXFileReference; lastKnownFileType = sourcecode.swift; path = UptimeLoggerUITests.swift; sourceTree = "<group>"; };
		93A07D0929E35502000EDA9C /* UptimeLoggerUITestsLaunchTests.swift */ = {isa = PBXFileReference; lastKnownFileType = sourcecode.swift; path = UptimeLoggerUITestsLaunchTests.swift; sourceTree = "<group>"; };
		93AB39FB29E37737006BF0B9 /* LogItemInfo.swift */ = {isa = PBXFileReference; lastKnownFileType = sourcecode.swift; path = LogItemInfo.swift; sourceTree = "<group>"; };
		93BEA29229E46C4700280DAC /* en */ = {isa = PBXFileReference; lastKnownFileType = text.plist.strings; name = en; path = en.lproj/Localizable.strings; sourceTree = "<group>"; };
		93BEA29429E46C5500280DAC /* pt-br */ = {isa = PBXFileReference; lastKnownFileType = text.plist.strings; name = "pt-br"; path = "pt-br.lproj/Localizable.strings"; sourceTree = "<group>"; };
		93BEA29529E46E5900280DAC /* String+Localized.swift */ = {isa = PBXFileReference; lastKnownFileType = sourcecode.swift; path = "String+Localized.swift"; sourceTree = "<group>"; };
		93C2748629E3D5DB0033AB01 /* FilesProvider.swift */ = {isa = PBXFileReference; lastKnownFileType = sourcecode.swift; path = FilesProvider.swift; sourceTree = "<group>"; };
/* End PBXFileReference section */

/* Begin PBXFrameworksBuildPhase section */
		93A07CE529E35501000EDA9C /* Frameworks */ = {
			isa = PBXFrameworksBuildPhase;
			buildActionMask = 2147483647;
			files = (
			);
			runOnlyForDeploymentPostprocessing = 0;
		};
		93A07CF629E35502000EDA9C /* Frameworks */ = {
			isa = PBXFrameworksBuildPhase;
			buildActionMask = 2147483647;
			files = (
			);
			runOnlyForDeploymentPostprocessing = 0;
		};
		93A07D0029E35502000EDA9C /* Frameworks */ = {
			isa = PBXFrameworksBuildPhase;
			buildActionMask = 2147483647;
			files = (
			);
			runOnlyForDeploymentPostprocessing = 0;
		};
/* End PBXFrameworksBuildPhase section */

/* Begin PBXGroup section */
		938F6D5F29E3905B00DACB7A /* Providers */ = {
			isa = PBXGroup;
			children = (
				938F6D6129E3909000DACB7A /* LogsProvider.swift */,
				93C2748629E3D5DB0033AB01 /* FilesProvider.swift */,
			);
			path = Providers;
			sourceTree = "<group>";
		};
		938F6D6029E3906E00DACB7A /* View */ = {
			isa = PBXGroup;
			children = (
				93A07CED29E35501000EDA9C /* ContentView.swift */,
				93057FD429E3589900D1FD50 /* LogsView.swift */,
				938F6D6529E3B02E00DACB7A /* LogItemView.swift */,
				938F6D6329E3ACF400DACB7A /* Menus.swift */,
			);
			path = View;
			sourceTree = "<group>";
		};
		93A07CDF29E35501000EDA9C = {
			isa = PBXGroup;
			children = (
				93BEA29029E4659300280DAC /* Source */,
				93A07CEA29E35501000EDA9C /* UptimeLogger */,
				93A07CFC29E35502000EDA9C /* UptimeLoggerTests */,
				93A07D0629E35502000EDA9C /* UptimeLoggerUITests */,
				93A07CE929E35501000EDA9C /* Products */,
			);
			sourceTree = "<group>";
		};
		93A07CE929E35501000EDA9C /* Products */ = {
			isa = PBXGroup;
			children = (
				93A07CE829E35501000EDA9C /* UptimeLogger.app */,
				93A07CF929E35502000EDA9C /* UptimeLoggerTests.xctest */,
				93A07D0329E35502000EDA9C /* UptimeLoggerUITests.xctest */,
			);
			name = Products;
			sourceTree = "<group>";
		};
		93A07CEA29E35501000EDA9C /* UptimeLogger */ = {
			isa = PBXGroup;
			children = (
				93A07CEF29E35502000EDA9C /* Assets.xcassets */,
				93A07CF429E35502000EDA9C /* UptimeLogger.entitlements */,
				93A07CF129E35502000EDA9C /* Preview Content */,
				93BEA29129E46C4700280DAC /* Localizable.strings */,
			);
			path = UptimeLogger;
			sourceTree = "<group>";
		};
		93A07CF129E35502000EDA9C /* Preview Content */ = {
			isa = PBXGroup;
			children = (
				93A07CF229E35502000EDA9C /* Preview Assets.xcassets */,
			);
			path = "Preview Content";
			sourceTree = "<group>";
		};
		93A07CFC29E35502000EDA9C /* UptimeLoggerTests */ = {
			isa = PBXGroup;
			children = (
				93A07CFD29E35502000EDA9C /* UptimeLoggerTests.swift */,
			);
			path = UptimeLoggerTests;
			sourceTree = "<group>";
		};
		93A07D0629E35502000EDA9C /* UptimeLoggerUITests */ = {
			isa = PBXGroup;
			children = (
				93A07D0729E35502000EDA9C /* UptimeLoggerUITests.swift */,
				93A07D0929E35502000EDA9C /* UptimeLoggerUITestsLaunchTests.swift */,
			);
			path = UptimeLoggerUITests;
			sourceTree = "<group>";
		};
		93AB39FA29E3771C006BF0B9 /* Models */ = {
			isa = PBXGroup;
			children = (
				93AB39FB29E37737006BF0B9 /* LogItemInfo.swift */,
			);
			path = Models;
			sourceTree = "<group>";
		};
		93BEA29029E4659300280DAC /* Source */ = {
			isa = PBXGroup;
			children = (
				938F6D6029E3906E00DACB7A /* View */,
				938F6D5F29E3905B00DACB7A /* Providers */,
				93AB39FA29E3771C006BF0B9 /* Models */,
				93A07CEB29E35501000EDA9C /* UptimeLoggerApp.swift */,
				93BEA29529E46E5900280DAC /* String+Localized.swift */,
			);
			path = Source;
			sourceTree = "<group>";
		};
/* End PBXGroup section */

/* Begin PBXNativeTarget section */
		93A07CE729E35501000EDA9C /* UptimeLogger */ = {
			isa = PBXNativeTarget;
			buildConfigurationList = 93A07D0D29E35502000EDA9C /* Build configuration list for PBXNativeTarget "UptimeLogger" */;
			buildPhases = (
				93A07CE429E35501000EDA9C /* Sources */,
				93A07CE529E35501000EDA9C /* Frameworks */,
				93A07CE629E35501000EDA9C /* Resources */,
			);
			buildRules = (
			);
			dependencies = (
			);
			name = UptimeLogger;
			productName = UptimeLogger;
			productReference = 93A07CE829E35501000EDA9C /* UptimeLogger.app */;
			productType = "com.apple.product-type.application";
		};
		93A07CF829E35502000EDA9C /* UptimeLoggerTests */ = {
			isa = PBXNativeTarget;
			buildConfigurationList = 93A07D1029E35502000EDA9C /* Build configuration list for PBXNativeTarget "UptimeLoggerTests" */;
			buildPhases = (
				93A07CF529E35502000EDA9C /* Sources */,
				93A07CF629E35502000EDA9C /* Frameworks */,
				93A07CF729E35502000EDA9C /* Resources */,
			);
			buildRules = (
			);
			dependencies = (
				93A07CFB29E35502000EDA9C /* PBXTargetDependency */,
			);
			name = UptimeLoggerTests;
			productName = UptimeLoggerTests;
			productReference = 93A07CF929E35502000EDA9C /* UptimeLoggerTests.xctest */;
			productType = "com.apple.product-type.bundle.unit-test";
		};
		93A07D0229E35502000EDA9C /* UptimeLoggerUITests */ = {
			isa = PBXNativeTarget;
			buildConfigurationList = 93A07D1329E35502000EDA9C /* Build configuration list for PBXNativeTarget "UptimeLoggerUITests" */;
			buildPhases = (
				93A07CFF29E35502000EDA9C /* Sources */,
				93A07D0029E35502000EDA9C /* Frameworks */,
				93A07D0129E35502000EDA9C /* Resources */,
			);
			buildRules = (
			);
			dependencies = (
				93A07D0529E35502000EDA9C /* PBXTargetDependency */,
			);
			name = UptimeLoggerUITests;
			productName = UptimeLoggerUITests;
			productReference = 93A07D0329E35502000EDA9C /* UptimeLoggerUITests.xctest */;
			productType = "com.apple.product-type.bundle.ui-testing";
		};
/* End PBXNativeTarget section */

/* Begin PBXProject section */
		93A07CE029E35501000EDA9C /* Project object */ = {
			isa = PBXProject;
			attributes = {
				BuildIndependentTargetsInParallel = 1;
				LastSwiftUpdateCheck = 1430;
				LastUpgradeCheck = 1430;
				TargetAttributes = {
					93A07CE729E35501000EDA9C = {
						CreatedOnToolsVersion = 14.3;
					};
					93A07CF829E35502000EDA9C = {
						CreatedOnToolsVersion = 14.3;
						TestTargetID = 93A07CE729E35501000EDA9C;
					};
					93A07D0229E35502000EDA9C = {
						CreatedOnToolsVersion = 14.3;
						TestTargetID = 93A07CE729E35501000EDA9C;
					};
				};
			};
			buildConfigurationList = 93A07CE329E35501000EDA9C /* Build configuration list for PBXProject "UptimeLogger" */;
			compatibilityVersion = "Xcode 14.0";
			developmentRegion = en;
			hasScannedForEncodings = 0;
			knownRegions = (
				en,
				Base,
				"pt-BR",
				"pt-br",
				base,
			);
			mainGroup = 93A07CDF29E35501000EDA9C;
			productRefGroup = 93A07CE929E35501000EDA9C /* Products */;
			projectDirPath = "";
			projectRoot = "";
			targets = (
				93A07CE729E35501000EDA9C /* UptimeLogger */,
				93A07CF829E35502000EDA9C /* UptimeLoggerTests */,
				93A07D0229E35502000EDA9C /* UptimeLoggerUITests */,
			);
		};
/* End PBXProject section */

/* Begin PBXResourcesBuildPhase section */
		93A07CE629E35501000EDA9C /* Resources */ = {
			isa = PBXResourcesBuildPhase;
			buildActionMask = 2147483647;
			files = (
				93A07CF329E35502000EDA9C /* Preview Assets.xcassets in Resources */,
				93BEA29329E46C4700280DAC /* Localizable.strings in Resources */,
				93A07CF029E35502000EDA9C /* Assets.xcassets in Resources */,
			);
			runOnlyForDeploymentPostprocessing = 0;
		};
		93A07CF729E35502000EDA9C /* Resources */ = {
			isa = PBXResourcesBuildPhase;
			buildActionMask = 2147483647;
			files = (
			);
			runOnlyForDeploymentPostprocessing = 0;
		};
		93A07D0129E35502000EDA9C /* Resources */ = {
			isa = PBXResourcesBuildPhase;
			buildActionMask = 2147483647;
			files = (
			);
			runOnlyForDeploymentPostprocessing = 0;
		};
/* End PBXResourcesBuildPhase section */

/* Begin PBXSourcesBuildPhase section */
		93A07CE429E35501000EDA9C /* Sources */ = {
			isa = PBXSourcesBuildPhase;
			buildActionMask = 2147483647;
			files = (
				93BEA29629E46E5900280DAC /* String+Localized.swift in Sources */,
				938F6D6229E3909000DACB7A /* LogsProvider.swift in Sources */,
				93A07CEE29E35501000EDA9C /* ContentView.swift in Sources */,
				938F6D6629E3B02E00DACB7A /* LogItemView.swift in Sources */,
				938F6D6429E3ACF400DACB7A /* Menus.swift in Sources */,
				93C2748729E3D5DB0033AB01 /* FilesProvider.swift in Sources */,
				93AB39FC29E37737006BF0B9 /* LogItemInfo.swift in Sources */,
				93057FD529E3589900D1FD50 /* LogsView.swift in Sources */,
				93A07CEC29E35501000EDA9C /* UptimeLoggerApp.swift in Sources */,
			);
			runOnlyForDeploymentPostprocessing = 0;
		};
		93A07CF529E35502000EDA9C /* Sources */ = {
			isa = PBXSourcesBuildPhase;
			buildActionMask = 2147483647;
			files = (
				93A07CFE29E35502000EDA9C /* UptimeLoggerTests.swift in Sources */,
			);
			runOnlyForDeploymentPostprocessing = 0;
		};
		93A07CFF29E35502000EDA9C /* Sources */ = {
			isa = PBXSourcesBuildPhase;
			buildActionMask = 2147483647;
			files = (
				93A07D0A29E35502000EDA9C /* UptimeLoggerUITestsLaunchTests.swift in Sources */,
				93A07D0829E35502000EDA9C /* UptimeLoggerUITests.swift in Sources */,
			);
			runOnlyForDeploymentPostprocessing = 0;
		};
/* End PBXSourcesBuildPhase section */

/* Begin PBXTargetDependency section */
		93A07CFB29E35502000EDA9C /* PBXTargetDependency */ = {
			isa = PBXTargetDependency;
			target = 93A07CE729E35501000EDA9C /* UptimeLogger */;
			targetProxy = 93A07CFA29E35502000EDA9C /* PBXContainerItemProxy */;
		};
		93A07D0529E35502000EDA9C /* PBXTargetDependency */ = {
			isa = PBXTargetDependency;
			target = 93A07CE729E35501000EDA9C /* UptimeLogger */;
			targetProxy = 93A07D0429E35502000EDA9C /* PBXContainerItemProxy */;
		};
/* End PBXTargetDependency section */

/* Begin PBXVariantGroup section */
		93BEA29129E46C4700280DAC /* Localizable.strings */ = {
			isa = PBXVariantGroup;
			children = (
				93BEA29229E46C4700280DAC /* en */,
				93BEA29429E46C5500280DAC /* pt-br */,
			);
			name = Localizable.strings;
			sourceTree = "<group>";
		};
/* End PBXVariantGroup section */

/* Begin XCBuildConfiguration section */
		93A07D0B29E35502000EDA9C /* Debug */ = {
			isa = XCBuildConfiguration;
			buildSettings = {
				ALWAYS_SEARCH_USER_PATHS = NO;
				CLANG_ANALYZER_NONNULL = YES;
				CLANG_ANALYZER_NUMBER_OBJECT_CONVERSION = YES_AGGRESSIVE;
				CLANG_CXX_LANGUAGE_STANDARD = "gnu++20";
				CLANG_ENABLE_MODULES = YES;
				CLANG_ENABLE_OBJC_ARC = YES;
				CLANG_ENABLE_OBJC_WEAK = YES;
				CLANG_WARN_BLOCK_CAPTURE_AUTORELEASING = YES;
				CLANG_WARN_BOOL_CONVERSION = YES;
				CLANG_WARN_COMMA = YES;
				CLANG_WARN_CONSTANT_CONVERSION = YES;
				CLANG_WARN_DEPRECATED_OBJC_IMPLEMENTATIONS = YES;
				CLANG_WARN_DIRECT_OBJC_ISA_USAGE = YES_ERROR;
				CLANG_WARN_DOCUMENTATION_COMMENTS = YES;
				CLANG_WARN_EMPTY_BODY = YES;
				CLANG_WARN_ENUM_CONVERSION = YES;
				CLANG_WARN_INFINITE_RECURSION = YES;
				CLANG_WARN_INT_CONVERSION = YES;
				CLANG_WARN_NON_LITERAL_NULL_CONVERSION = YES;
				CLANG_WARN_OBJC_IMPLICIT_RETAIN_SELF = YES;
				CLANG_WARN_OBJC_LITERAL_CONVERSION = YES;
				CLANG_WARN_OBJC_ROOT_CLASS = YES_ERROR;
				CLANG_WARN_QUOTED_INCLUDE_IN_FRAMEWORK_HEADER = YES;
				CLANG_WARN_RANGE_LOOP_ANALYSIS = YES;
				CLANG_WARN_STRICT_PROTOTYPES = YES;
				CLANG_WARN_SUSPICIOUS_MOVE = YES;
				CLANG_WARN_UNGUARDED_AVAILABILITY = YES_AGGRESSIVE;
				CLANG_WARN_UNREACHABLE_CODE = YES;
				CLANG_WARN__DUPLICATE_METHOD_MATCH = YES;
				COPY_PHASE_STRIP = NO;
				DEBUG_INFORMATION_FORMAT = dwarf;
				ENABLE_STRICT_OBJC_MSGSEND = YES;
				ENABLE_TESTABILITY = YES;
				GCC_C_LANGUAGE_STANDARD = gnu11;
				GCC_DYNAMIC_NO_PIC = NO;
				GCC_NO_COMMON_BLOCKS = YES;
				GCC_OPTIMIZATION_LEVEL = 0;
				GCC_PREPROCESSOR_DEFINITIONS = (
					"DEBUG=1",
					"$(inherited)",
				);
				GCC_WARN_64_TO_32_BIT_CONVERSION = YES;
				GCC_WARN_ABOUT_RETURN_TYPE = YES_ERROR;
				GCC_WARN_UNDECLARED_SELECTOR = YES;
				GCC_WARN_UNINITIALIZED_AUTOS = YES_AGGRESSIVE;
				GCC_WARN_UNUSED_FUNCTION = YES;
				GCC_WARN_UNUSED_VARIABLE = YES;
				MACOSX_DEPLOYMENT_TARGET = 10.15;
				MTL_ENABLE_DEBUG_INFO = INCLUDE_SOURCE;
				MTL_FAST_MATH = YES;
				ONLY_ACTIVE_ARCH = YES;
				SDKROOT = macosx;
				SWIFT_ACTIVE_COMPILATION_CONDITIONS = DEBUG;
				SWIFT_OPTIMIZATION_LEVEL = "-Onone";
			};
			name = Debug;
		};
		93A07D0C29E35502000EDA9C /* Release */ = {
			isa = XCBuildConfiguration;
			buildSettings = {
				ALWAYS_SEARCH_USER_PATHS = NO;
				CLANG_ANALYZER_NONNULL = YES;
				CLANG_ANALYZER_NUMBER_OBJECT_CONVERSION = YES_AGGRESSIVE;
				CLANG_CXX_LANGUAGE_STANDARD = "gnu++20";
				CLANG_ENABLE_MODULES = YES;
				CLANG_ENABLE_OBJC_ARC = YES;
				CLANG_ENABLE_OBJC_WEAK = YES;
				CLANG_WARN_BLOCK_CAPTURE_AUTORELEASING = YES;
				CLANG_WARN_BOOL_CONVERSION = YES;
				CLANG_WARN_COMMA = YES;
				CLANG_WARN_CONSTANT_CONVERSION = YES;
				CLANG_WARN_DEPRECATED_OBJC_IMPLEMENTATIONS = YES;
				CLANG_WARN_DIRECT_OBJC_ISA_USAGE = YES_ERROR;
				CLANG_WARN_DOCUMENTATION_COMMENTS = YES;
				CLANG_WARN_EMPTY_BODY = YES;
				CLANG_WARN_ENUM_CONVERSION = YES;
				CLANG_WARN_INFINITE_RECURSION = YES;
				CLANG_WARN_INT_CONVERSION = YES;
				CLANG_WARN_NON_LITERAL_NULL_CONVERSION = YES;
				CLANG_WARN_OBJC_IMPLICIT_RETAIN_SELF = YES;
				CLANG_WARN_OBJC_LITERAL_CONVERSION = YES;
				CLANG_WARN_OBJC_ROOT_CLASS = YES_ERROR;
				CLANG_WARN_QUOTED_INCLUDE_IN_FRAMEWORK_HEADER = YES;
				CLANG_WARN_RANGE_LOOP_ANALYSIS = YES;
				CLANG_WARN_STRICT_PROTOTYPES = YES;
				CLANG_WARN_SUSPICIOUS_MOVE = YES;
				CLANG_WARN_UNGUARDED_AVAILABILITY = YES_AGGRESSIVE;
				CLANG_WARN_UNREACHABLE_CODE = YES;
				CLANG_WARN__DUPLICATE_METHOD_MATCH = YES;
				COPY_PHASE_STRIP = NO;
				DEBUG_INFORMATION_FORMAT = "dwarf-with-dsym";
				ENABLE_NS_ASSERTIONS = NO;
				ENABLE_STRICT_OBJC_MSGSEND = YES;
				ENABLE_TESTABILITY = YES;
				GCC_C_LANGUAGE_STANDARD = gnu11;
				GCC_NO_COMMON_BLOCKS = YES;
				GCC_WARN_64_TO_32_BIT_CONVERSION = YES;
				GCC_WARN_ABOUT_RETURN_TYPE = YES_ERROR;
				GCC_WARN_UNDECLARED_SELECTOR = YES;
				GCC_WARN_UNINITIALIZED_AUTOS = YES_AGGRESSIVE;
				GCC_WARN_UNUSED_FUNCTION = YES;
				GCC_WARN_UNUSED_VARIABLE = YES;
				MACOSX_DEPLOYMENT_TARGET = 10.15;
				MTL_ENABLE_DEBUG_INFO = NO;
				MTL_FAST_MATH = YES;
				ONLY_ACTIVE_ARCH = YES;
				SDKROOT = macosx;
				SWIFT_COMPILATION_MODE = wholemodule;
				SWIFT_OPTIMIZATION_LEVEL = "-O";
			};
			name = Release;
		};
		93A07D0E29E35502000EDA9C /* Debug */ = {
			isa = XCBuildConfiguration;
			buildSettings = {
				ASSETCATALOG_COMPILER_APPICON_NAME = AppIcon;
				ASSETCATALOG_COMPILER_GLOBAL_ACCENT_COLOR_NAME = AccentColor;
				CODE_SIGN_ENTITLEMENTS = UptimeLogger/UptimeLogger.entitlements;
				"CODE_SIGN_IDENTITY[sdk=macosx*]" = "-";
				CODE_SIGN_STYLE = Automatic;
				COMBINE_HIDPI_IMAGES = YES;
				CURRENT_PROJECT_VERSION = 1;
				DEVELOPMENT_ASSET_PATHS = "\"UptimeLogger/Preview Content\"";
				DEVELOPMENT_TEAM = DU6489YN3U;
				ENABLE_HARDENED_RUNTIME = YES;
				ENABLE_PREVIEWS = YES;
				GENERATE_INFOPLIST_FILE = YES;
				INFOPLIST_KEY_CFBundleDisplayName = "Uptime Logger";
				INFOPLIST_KEY_LSApplicationCategoryType = "public.app-category.utilities";
				INFOPLIST_KEY_NSHumanReadableCopyright = "";
				LD_RUNPATH_SEARCH_PATHS = (
					"$(inherited)",
					"@executable_path/../Frameworks",
				);
				MACOSX_DEPLOYMENT_TARGET = 11.0;
				MARKETING_VERSION = 1.0;
				PRODUCT_BUNDLE_IDENTIFIER = br.com.victorwads.UptimeLogger;
				PRODUCT_NAME = "$(TARGET_NAME)";
				SWIFT_EMIT_LOC_STRINGS = YES;
				SWIFT_VERSION = 5.0;
			};
			name = Debug;
		};
		93A07D0F29E35502000EDA9C /* Release */ = {
			isa = XCBuildConfiguration;
			buildSettings = {
				ASSETCATALOG_COMPILER_APPICON_NAME = AppIcon;
				ASSETCATALOG_COMPILER_GLOBAL_ACCENT_COLOR_NAME = AccentColor;
				CODE_SIGN_ENTITLEMENTS = UptimeLogger/UptimeLogger.entitlements;
				"CODE_SIGN_IDENTITY[sdk=macosx*]" = "-";
				CODE_SIGN_STYLE = Automatic;
				COMBINE_HIDPI_IMAGES = YES;
				CURRENT_PROJECT_VERSION = 1;
				DEVELOPMENT_ASSET_PATHS = "\"UptimeLogger/Preview Content\"";
				DEVELOPMENT_TEAM = DU6489YN3U;
				ENABLE_HARDENED_RUNTIME = YES;
				ENABLE_PREVIEWS = YES;
				GENERATE_INFOPLIST_FILE = YES;
				INFOPLIST_KEY_CFBundleDisplayName = "Uptime Logger";
				INFOPLIST_KEY_LSApplicationCategoryType = "public.app-category.utilities";
				INFOPLIST_KEY_NSHumanReadableCopyright = "";
				LD_RUNPATH_SEARCH_PATHS = (
					"$(inherited)",
					"@executable_path/../Frameworks",
				);
				MACOSX_DEPLOYMENT_TARGET = 11.0;
				MARKETING_VERSION = 1.0;
				PRODUCT_BUNDLE_IDENTIFIER = br.com.victorwads.UptimeLogger;
				PRODUCT_NAME = "$(TARGET_NAME)";
				SWIFT_EMIT_LOC_STRINGS = YES;
				SWIFT_VERSION = 5.0;
			};
			name = Release;
		};
		93A07D1129E35502000EDA9C /* Debug */ = {
			isa = XCBuildConfiguration;
			buildSettings = {
				ALWAYS_EMBED_SWIFT_STANDARD_LIBRARIES = YES;
				BUNDLE_LOADER = "$(TEST_HOST)";
				CODE_SIGN_STYLE = Automatic;
				CURRENT_PROJECT_VERSION = 1;
				DEVELOPMENT_TEAM = DU6489YN3U;
				GENERATE_INFOPLIST_FILE = YES;
				MACOSX_DEPLOYMENT_TARGET = 13.3;
				MARKETING_VERSION = 1.0;
				PRODUCT_BUNDLE_IDENTIFIER = br.com.victorwads.UptimeLoggerTests;
				PRODUCT_NAME = "$(TARGET_NAME)";
				SWIFT_EMIT_LOC_STRINGS = NO;
				SWIFT_VERSION = 5.0;
				TEST_HOST = "$(BUILT_PRODUCTS_DIR)/UptimeLogger.app/$(BUNDLE_EXECUTABLE_FOLDER_PATH)/UptimeLogger";
			};
			name = Debug;
		};
		93A07D1229E35502000EDA9C /* Release */ = {
			isa = XCBuildConfiguration;
			buildSettings = {
				ALWAYS_EMBED_SWIFT_STANDARD_LIBRARIES = YES;
				BUNDLE_LOADER = "$(TEST_HOST)";
				CODE_SIGN_STYLE = Automatic;
				CURRENT_PROJECT_VERSION = 1;
				DEVELOPMENT_TEAM = DU6489YN3U;
				GENERATE_INFOPLIST_FILE = YES;
				MACOSX_DEPLOYMENT_TARGET = 13.3;
				MARKETING_VERSION = 1.0;
				PRODUCT_BUNDLE_IDENTIFIER = br.com.victorwads.UptimeLoggerTests;
				PRODUCT_NAME = "$(TARGET_NAME)";
				SWIFT_EMIT_LOC_STRINGS = NO;
				SWIFT_VERSION = 5.0;
				TEST_HOST = "$(BUILT_PRODUCTS_DIR)/UptimeLogger.app/$(BUNDLE_EXECUTABLE_FOLDER_PATH)/UptimeLogger";
			};
			name = Release;
		};
		93A07D1429E35502000EDA9C /* Debug */ = {
			isa = XCBuildConfiguration;
			buildSettings = {
				ALWAYS_EMBED_SWIFT_STANDARD_LIBRARIES = YES;
				CODE_SIGN_STYLE = Automatic;
				CURRENT_PROJECT_VERSION = 1;
				DEVELOPMENT_TEAM = DU6489YN3U;
				GENERATE_INFOPLIST_FILE = YES;
				MARKETING_VERSION = 1.0;
				PRODUCT_BUNDLE_IDENTIFIER = br.com.victorwads.UptimeLoggerUITests;
				PRODUCT_NAME = "$(TARGET_NAME)";
				SWIFT_EMIT_LOC_STRINGS = NO;
				SWIFT_VERSION = 5.0;
				TEST_TARGET_NAME = UptimeLogger;
			};
			name = Debug;
		};
		93A07D1529E35502000EDA9C /* Release */ = {
			isa = XCBuildConfiguration;
			buildSettings = {
				ALWAYS_EMBED_SWIFT_STANDARD_LIBRARIES = YES;
				CODE_SIGN_STYLE = Automatic;
				CURRENT_PROJECT_VERSION = 1;
				DEVELOPMENT_TEAM = DU6489YN3U;
				GENERATE_INFOPLIST_FILE = YES;
				MARKETING_VERSION = 1.0;
				PRODUCT_BUNDLE_IDENTIFIER = br.com.victorwads.UptimeLoggerUITests;
				PRODUCT_NAME = "$(TARGET_NAME)";
				SWIFT_EMIT_LOC_STRINGS = NO;
				SWIFT_VERSION = 5.0;
				TEST_TARGET_NAME = UptimeLogger;
			};
			name = Release;
		};
/* End XCBuildConfiguration section */

/* Begin XCConfigurationList section */
		93A07CE329E35501000EDA9C /* Build configuration list for PBXProject "UptimeLogger" */ = {
			isa = XCConfigurationList;
			buildConfigurations = (
				93A07D0B29E35502000EDA9C /* Debug */,
				93A07D0C29E35502000EDA9C /* Release */,
			);
			defaultConfigurationIsVisible = 0;
			defaultConfigurationName = Release;
		};
		93A07D0D29E35502000EDA9C /* Build configuration list for PBXNativeTarget "UptimeLogger" */ = {
			isa = XCConfigurationList;
			buildConfigurations = (
				93A07D0E29E35502000EDA9C /* Debug */,
				93A07D0F29E35502000EDA9C /* Release */,
			);
			defaultConfigurationIsVisible = 0;
			defaultConfigurationName = Release;
		};
		93A07D1029E35502000EDA9C /* Build configuration list for PBXNativeTarget "UptimeLoggerTests" */ = {
			isa = XCConfigurationList;
			buildConfigurations = (
				93A07D1129E35502000EDA9C /* Debug */,
				93A07D1229E35502000EDA9C /* Release */,
			);
			defaultConfigurationIsVisible = 0;
			defaultConfigurationName = Release;
		};
		93A07D1329E35502000EDA9C /* Build configuration list for PBXNativeTarget "UptimeLoggerUITests" */ = {
			isa = XCConfigurationList;
			buildConfigurations = (
				93A07D1429E35502000EDA9C /* Debug */,
				93A07D1529E35502000EDA9C /* Release */,
			);
			defaultConfigurationIsVisible = 0;
			defaultConfigurationName = Release;
		};
/* End XCConfigurationList section */
	};
	rootObject = 93A07CE029E35501000EDA9C /* Project object */;
}
